
Microsoft Visual Studio Solution File, Format Version 12.00
# Visual Studio Version 17
VisualStudioVersion = 17.4.33213.308
MinimumVisualStudioVersion = 10.0.40219.1
Project("{FAE04EC0-301F-11D3-BF4B-00C04F79EFBC}") = "DrpendencyInjection", "DrpendencyInjection\DrpendencyInjection.csproj", "{A5E20A57-3D68-4A2C-A9CC-FBA736CF29EE}"
EndProject
Global
	GlobalSection(SolutionConfigurationPlatforms) = preSolution
		Debug|Any CPU = Debug|Any CPU
		Release|Any CPU = Release|Any CPU
	EndGlobalSection
	GlobalSection(ProjectConfigurationPlatforms) = postSolution
		{A5E20A57-3D68-4A2C-A9CC-FBA736CF29EE}.Debug|Any CPU.ActiveCfg = Debug|Any CPU
		{A5E20A57-3D68-4A2C-A9CC-FBA736CF29EE}.Debug|Any CPU.Build.0 = Debug|Any CPU
		{A5E20A57-3D68-4A2C-A9CC-FBA736CF29EE}.Release|Any CPU.ActiveCfg = Release|Any CPU
		{A5E20A57-3D68-4A2C-A9CC-FBA736CF29EE}.Release|Any CPU.Build.0 = Release|Any CPU
	EndGlobalSection
	GlobalSection(SolutionProperties) = preSolution
		HideSolutionNode = FALSE
	EndGlobalSection
	GlobalSection(ExtensibilityGlobals) = postSolution
		SolutionGuid = {64A23247-961C-4EE0-800D-4AED2FAF23B8}
	EndGlobalSection
EndGlobal
