
Microsoft Visual Studio Solution File, Format Version 12.00
# Visual Studio Version 17
VisualStudioVersion = 17.4.33213.308
MinimumVisualStudioVersion = 10.0.40219.1
Project("{9A19103F-16F7-4668-BE54-9A1E7A4F7556}") = "DrpendencyInjection", "DrpendencyInjection\DrpendencyInjection.csproj", "{A5E20A57-3D68-4A2C-A9CC-FBA736CF29EE}"
EndProject
Project("{9A19103F-16F7-4668-BE54-9A1E7A4F7556}") = "DrpendencyInjection.domain", "DrpendencyInjection.domain\DrpendencyInjection.domain.csproj", "{DE263ECB-F1CB-4338-8FDB-BB953A0E5863}"
EndProject
Project("{9A19103F-16F7-4668-BE54-9A1E7A4F7556}") = "DrpendencyInjection.Application", "DrpendencyInjection.Application\DrpendencyInjection.Application.csproj", "{0CEC0A66-C778-45FA-9526-1285D44C67C9}"
EndProject
Project("{FAE04EC0-301F-11D3-BF4B-00C04F79EFBC}") = "MVCProject.Web", "MVCProject.Web\MVCProject.Web.csproj", "{AC9DB763-EFFC-43F7-B293-EDBA3C3EB3EC}"
EndProject
Global
	GlobalSection(SolutionConfigurationPlatforms) = preSolution
		Debug|Any CPU = Debug|Any CPU
		Release|Any CPU = Release|Any CPU
	EndGlobalSection
	GlobalSection(ProjectConfigurationPlatforms) = postSolution
		{A5E20A57-3D68-4A2C-A9CC-FBA736CF29EE}.Debug|Any CPU.ActiveCfg = Debug|Any CPU
		{A5E20A57-3D68-4A2C-A9CC-FBA736CF29EE}.Debug|Any CPU.Build.0 = Debug|Any CPU
		{A5E20A57-3D68-4A2C-A9CC-FBA736CF29EE}.Release|Any CPU.ActiveCfg = Release|Any CPU
		{A5E20A57-3D68-4A2C-A9CC-FBA736CF29EE}.Release|Any CPU.Build.0 = Release|Any CPU
		{DE263ECB-F1CB-4338-8FDB-BB953A0E5863}.Debug|Any CPU.ActiveCfg = Debug|Any CPU
		{DE263ECB-F1CB-4338-8FDB-BB953A0E5863}.Debug|Any CPU.Build.0 = Debug|Any CPU
		{DE263ECB-F1CB-4338-8FDB-BB953A0E5863}.Release|Any CPU.ActiveCfg = Release|Any CPU
		{DE263ECB-F1CB-4338-8FDB-BB953A0E5863}.Release|Any CPU.Build.0 = Release|Any CPU
		{0CEC0A66-C778-45FA-9526-1285D44C67C9}.Debug|Any CPU.ActiveCfg = Debug|Any CPU
		{0CEC0A66-C778-45FA-9526-1285D44C67C9}.Debug|Any CPU.Build.0 = Debug|Any CPU
		{0CEC0A66-C778-45FA-9526-1285D44C67C9}.Release|Any CPU.ActiveCfg = Release|Any CPU
		{0CEC0A66-C778-45FA-9526-1285D44C67C9}.Release|Any CPU.Build.0 = Release|Any CPU
		{AC9DB763-EFFC-43F7-B293-EDBA3C3EB3EC}.Debug|Any CPU.ActiveCfg = Debug|Any CPU
		{AC9DB763-EFFC-43F7-B293-EDBA3C3EB3EC}.Debug|Any CPU.Build.0 = Debug|Any CPU
		{AC9DB763-EFFC-43F7-B293-EDBA3C3EB3EC}.Release|Any CPU.ActiveCfg = Release|Any CPU
		{AC9DB763-EFFC-43F7-B293-EDBA3C3EB3EC}.Release|Any CPU.Build.0 = Release|Any CPU
	EndGlobalSection
	GlobalSection(SolutionProperties) = preSolution
		HideSolutionNode = FALSE
	EndGlobalSection
	GlobalSection(ExtensibilityGlobals) = postSolution
		SolutionGuid = {64A23247-961C-4EE0-800D-4AED2FAF23B8}
	EndGlobalSection
EndGlobal
