
Microsoft Visual Studio Solution File, Format Version 12.00
# Visual Studio Version 17
VisualStudioVersion = 17.5.33502.453
MinimumVisualStudioVersion = 10.0.40219.1
Project("{FAE04EC0-301F-11D3-BF4B-00C04F79EFBC}") = "Tuple", "Tuple\Tuple.csproj", "{B64109D3-7F07-4D2F-BA02-B2BC9A802AA5}"
EndProject
Global
	GlobalSection(SolutionConfigurationPlatforms) = preSolution
		Debug|Any CPU = Debug|Any CPU
		Release|Any CPU = Release|Any CPU
	EndGlobalSection
	GlobalSection(ProjectConfigurationPlatforms) = postSolution
		{B64109D3-7F07-4D2F-BA02-B2BC9A802AA5}.Debug|Any CPU.ActiveCfg = Debug|Any CPU
		{B64109D3-7F07-4D2F-BA02-B2BC9A802AA5}.Debug|Any CPU.Build.0 = Debug|Any CPU
		{B64109D3-7F07-4D2F-BA02-B2BC9A802AA5}.Release|Any CPU.ActiveCfg = Release|Any CPU
		{B64109D3-7F07-4D2F-BA02-B2BC9A802AA5}.Release|Any CPU.Build.0 = Release|Any CPU
	EndGlobalSection
	GlobalSection(SolutionProperties) = preSolution
		HideSolutionNode = FALSE
	EndGlobalSection
	GlobalSection(ExtensibilityGlobals) = postSolution
		SolutionGuid = {6CEE5B02-DC56-42D4-BC31-86DF398182B2}
	EndGlobalSection
EndGlobal
