
Microsoft Visual Studio Solution File, Format Version 12.00
# Visual Studio Version 17
VisualStudioVersion = 17.4.33213.308
MinimumVisualStudioVersion = 10.0.40219.1
Project("{FAE04EC0-301F-11D3-BF4B-00C04F79EFBC}") = "XMLFormetter", "XMLFormetter\XMLFormetter.csproj", "{BE132ADB-3A59-474E-B5B1-EDB74E0404AE}"
EndProject
Global
	GlobalSection(SolutionConfigurationPlatforms) = preSolution
		Debug|Any CPU = Debug|Any CPU
		Release|Any CPU = Release|Any CPU
	EndGlobalSection
	GlobalSection(ProjectConfigurationPlatforms) = postSolution
		{BE132ADB-3A59-474E-B5B1-EDB74E0404AE}.Debug|Any CPU.ActiveCfg = Debug|Any CPU
		{BE132ADB-3A59-474E-B5B1-EDB74E0404AE}.Debug|Any CPU.Build.0 = Debug|Any CPU
		{BE132ADB-3A59-474E-B5B1-EDB74E0404AE}.Release|Any CPU.ActiveCfg = Release|Any CPU
		{BE132ADB-3A59-474E-B5B1-EDB74E0404AE}.Release|Any CPU.Build.0 = Release|Any CPU
	EndGlobalSection
	GlobalSection(SolutionProperties) = preSolution
		HideSolutionNode = FALSE
	EndGlobalSection
	GlobalSection(ExtensibilityGlobals) = postSolution
		SolutionGuid = {AEF90E32-E09D-47FD-BD01-EA4B64E607C7}
	EndGlobalSection
EndGlobal
