
Microsoft Visual Studio Solution File, Format Version 12.00
# Visual Studio Version 17
VisualStudioVersion = 17.5.33516.290
MinimumVisualStudioVersion = 10.0.40219.1
Project("{9A19103F-16F7-4668-BE54-9A1E7A4F7556}") = "Crud.web", "Crud.web\Crud.web.csproj", "{78005008-9074-4918-913B-643FFF82B5E6}"
EndProject
Project("{9A19103F-16F7-4668-BE54-9A1E7A4F7556}") = "Crud.Domain", "Crud.Domain\Crud.Domain.csproj", "{342F392B-1C55-4C8B-9A47-E8564E2AD5D7}"
EndProject
Project("{9A19103F-16F7-4668-BE54-9A1E7A4F7556}") = "Crud.Application", "Crud.Application\Crud.Application.csproj", "{2BE40059-7347-4DAF-91D2-FFE4C82F8CD0}"
EndProject
Project("{9A19103F-16F7-4668-BE54-9A1E7A4F7556}") = "Crud.Persistance", "Crud.Persistance\Crud.Persistance.csproj", "{8923E39B-1189-45AB-A8E1-606B9CD16F62}"
EndProject
Project("{9A19103F-16F7-4668-BE54-9A1E7A4F7556}") = "Crud.Infrastructure", "Crud.Infrastructure\Crud.Infrastructure.csproj", "{FC1598D9-F329-4D31-937D-4D15236DCA2A}"
EndProject
Project("{FAE04EC0-301F-11D3-BF4B-00C04F79EFBC}") = "Crud.API", "Crud.API\Crud.API.csproj", "{E3E22CF5-219C-4666-BBC3-B094E612A45C}"
EndProject
Global
	GlobalSection(SolutionConfigurationPlatforms) = preSolution
		Debug|Any CPU = Debug|Any CPU
		Release|Any CPU = Release|Any CPU
	EndGlobalSection
	GlobalSection(ProjectConfigurationPlatforms) = postSolution
		{78005008-9074-4918-913B-643FFF82B5E6}.Debug|Any CPU.ActiveCfg = Debug|Any CPU
		{78005008-9074-4918-913B-643FFF82B5E6}.Debug|Any CPU.Build.0 = Debug|Any CPU
		{78005008-9074-4918-913B-643FFF82B5E6}.Release|Any CPU.ActiveCfg = Release|Any CPU
		{78005008-9074-4918-913B-643FFF82B5E6}.Release|Any CPU.Build.0 = Release|Any CPU
		{342F392B-1C55-4C8B-9A47-E8564E2AD5D7}.Debug|Any CPU.ActiveCfg = Debug|Any CPU
		{342F392B-1C55-4C8B-9A47-E8564E2AD5D7}.Debug|Any CPU.Build.0 = Debug|Any CPU
		{342F392B-1C55-4C8B-9A47-E8564E2AD5D7}.Release|Any CPU.ActiveCfg = Release|Any CPU
		{342F392B-1C55-4C8B-9A47-E8564E2AD5D7}.Release|Any CPU.Build.0 = Release|Any CPU
		{2BE40059-7347-4DAF-91D2-FFE4C82F8CD0}.Debug|Any CPU.ActiveCfg = Debug|Any CPU
		{2BE40059-7347-4DAF-91D2-FFE4C82F8CD0}.Debug|Any CPU.Build.0 = Debug|Any CPU
		{2BE40059-7347-4DAF-91D2-FFE4C82F8CD0}.Release|Any CPU.ActiveCfg = Release|Any CPU
		{2BE40059-7347-4DAF-91D2-FFE4C82F8CD0}.Release|Any CPU.Build.0 = Release|Any CPU
		{8923E39B-1189-45AB-A8E1-606B9CD16F62}.Debug|Any CPU.ActiveCfg = Debug|Any CPU
		{8923E39B-1189-45AB-A8E1-606B9CD16F62}.Debug|Any CPU.Build.0 = Debug|Any CPU
		{8923E39B-1189-45AB-A8E1-606B9CD16F62}.Release|Any CPU.ActiveCfg = Release|Any CPU
		{8923E39B-1189-45AB-A8E1-606B9CD16F62}.Release|Any CPU.Build.0 = Release|Any CPU
		{FC1598D9-F329-4D31-937D-4D15236DCA2A}.Debug|Any CPU.ActiveCfg = Debug|Any CPU
		{FC1598D9-F329-4D31-937D-4D15236DCA2A}.Debug|Any CPU.Build.0 = Debug|Any CPU
		{FC1598D9-F329-4D31-937D-4D15236DCA2A}.Release|Any CPU.ActiveCfg = Release|Any CPU
		{FC1598D9-F329-4D31-937D-4D15236DCA2A}.Release|Any CPU.Build.0 = Release|Any CPU
		{E3E22CF5-219C-4666-BBC3-B094E612A45C}.Debug|Any CPU.ActiveCfg = Debug|Any CPU
		{E3E22CF5-219C-4666-BBC3-B094E612A45C}.Debug|Any CPU.Build.0 = Debug|Any CPU
		{E3E22CF5-219C-4666-BBC3-B094E612A45C}.Release|Any CPU.ActiveCfg = Release|Any CPU
		{E3E22CF5-219C-4666-BBC3-B094E612A45C}.Release|Any CPU.Build.0 = Release|Any CPU
	EndGlobalSection
	GlobalSection(SolutionProperties) = preSolution
		HideSolutionNode = FALSE
	EndGlobalSection
	GlobalSection(ExtensibilityGlobals) = postSolution
		SolutionGuid = {5E560101-FED1-4BCE-88FB-A3D1CE994B38}
	EndGlobalSection
EndGlobal
