
Microsoft Visual Studio Solution File, Format Version 12.00
# Visual Studio Version 17
VisualStudioVersion = 17.6.33829.357
MinimumVisualStudioVersion = 10.0.40219.1
Project("{FAE04EC0-301F-11D3-BF4B-00C04F79EFBC}") = "ResumeBuilder", "ResumeBuilder\ResumeBuilder.csproj", "{D36FC7D8-9512-4D3A-83C5-350785134C0D}"
EndProject
Global
	GlobalSection(SolutionConfigurationPlatforms) = preSolution
		Debug|Any CPU = Debug|Any CPU
		Release|Any CPU = Release|Any CPU
	EndGlobalSection
	GlobalSection(ProjectConfigurationPlatforms) = postSolution
		{D36FC7D8-9512-4D3A-83C5-350785134C0D}.Debug|Any CPU.ActiveCfg = Debug|Any CPU
		{D36FC7D8-9512-4D3A-83C5-350785134C0D}.Debug|Any CPU.Build.0 = Debug|Any CPU
		{D36FC7D8-9512-4D3A-83C5-350785134C0D}.Release|Any CPU.ActiveCfg = Release|Any CPU
		{D36FC7D8-9512-4D3A-83C5-350785134C0D}.Release|Any CPU.Build.0 = Release|Any CPU
	EndGlobalSection
	GlobalSection(SolutionProperties) = preSolution
		HideSolutionNode = FALSE
	EndGlobalSection
	GlobalSection(ExtensibilityGlobals) = postSolution
		SolutionGuid = {BA2ACDB7-BC4C-49A1-8E7B-F7C1484640C4}
	EndGlobalSection
EndGlobal
