
Microsoft Visual Studio Solution File, Format Version 12.00
# Visual Studio Version 17
VisualStudioVersion = 17.4.33213.308
MinimumVisualStudioVersion = 10.0.40219.1
Project("{9A19103F-16F7-4668-BE54-9A1E7A4F7556}") = "LinqExample", "LinqExample\LinqExample.csproj", "{A6B3DCB4-2B46-473A-80F0-7AABD82D2FE3}"
EndProject
Project("{9A19103F-16F7-4668-BE54-9A1E7A4F7556}") = "ProjectionOperators", "ProjectionOperators\ProjectionOperators.csproj", "{220562F0-39FD-4E3C-B3DB-E1272165AB3B}"
EndProject
Project("{9A19103F-16F7-4668-BE54-9A1E7A4F7556}") = "SelectMany", "SelectMany\SelectMany.csproj", "{DAFC7A4C-391E-4707-85FD-32AC565C66AD}"
EndProject
Project("{FAE04EC0-301F-11D3-BF4B-00C04F79EFBC}") = "GenericsCollection", "GenericsCollection\GenericsCollection.csproj", "{58866F34-C6EA-49B8-AD30-3495EA186485}"
EndProject
Global
	GlobalSection(SolutionConfigurationPlatforms) = preSolution
		Debug|Any CPU = Debug|Any CPU
		Release|Any CPU = Release|Any CPU
	EndGlobalSection
	GlobalSection(ProjectConfigurationPlatforms) = postSolution
		{A6B3DCB4-2B46-473A-80F0-7AABD82D2FE3}.Debug|Any CPU.ActiveCfg = Debug|Any CPU
		{A6B3DCB4-2B46-473A-80F0-7AABD82D2FE3}.Debug|Any CPU.Build.0 = Debug|Any CPU
		{A6B3DCB4-2B46-473A-80F0-7AABD82D2FE3}.Release|Any CPU.ActiveCfg = Release|Any CPU
		{A6B3DCB4-2B46-473A-80F0-7AABD82D2FE3}.Release|Any CPU.Build.0 = Release|Any CPU
		{220562F0-39FD-4E3C-B3DB-E1272165AB3B}.Debug|Any CPU.ActiveCfg = Debug|Any CPU
		{220562F0-39FD-4E3C-B3DB-E1272165AB3B}.Debug|Any CPU.Build.0 = Debug|Any CPU
		{220562F0-39FD-4E3C-B3DB-E1272165AB3B}.Release|Any CPU.ActiveCfg = Release|Any CPU
		{220562F0-39FD-4E3C-B3DB-E1272165AB3B}.Release|Any CPU.Build.0 = Release|Any CPU
		{DAFC7A4C-391E-4707-85FD-32AC565C66AD}.Debug|Any CPU.ActiveCfg = Debug|Any CPU
		{DAFC7A4C-391E-4707-85FD-32AC565C66AD}.Debug|Any CPU.Build.0 = Debug|Any CPU
		{DAFC7A4C-391E-4707-85FD-32AC565C66AD}.Release|Any CPU.ActiveCfg = Release|Any CPU
		{DAFC7A4C-391E-4707-85FD-32AC565C66AD}.Release|Any CPU.Build.0 = Release|Any CPU
		{58866F34-C6EA-49B8-AD30-3495EA186485}.Debug|Any CPU.ActiveCfg = Debug|Any CPU
		{58866F34-C6EA-49B8-AD30-3495EA186485}.Debug|Any CPU.Build.0 = Debug|Any CPU
		{58866F34-C6EA-49B8-AD30-3495EA186485}.Release|Any CPU.ActiveCfg = Release|Any CPU
		{58866F34-C6EA-49B8-AD30-3495EA186485}.Release|Any CPU.Build.0 = Release|Any CPU
	EndGlobalSection
	GlobalSection(SolutionProperties) = preSolution
		HideSolutionNode = FALSE
	EndGlobalSection
	GlobalSection(ExtensibilityGlobals) = postSolution
		SolutionGuid = {A9805DE1-199D-45A0-B061-67F00391FC6B}
	EndGlobalSection
EndGlobal
