
Microsoft Visual Studio Solution File, Format Version 12.00
# Visual Studio Version 17
VisualStudioVersion = 17.7.33808.371
MinimumVisualStudioVersion = 10.0.40219.1
Project("{9A19103F-16F7-4668-BE54-9A1E7A4F7556}") = "CSEData.Web", "CSEData.Web\CSEData.Web.csproj", "{ADA55267-E775-4969-BACA-8171DBFF4CE6}"
EndProject
Project("{9A19103F-16F7-4668-BE54-9A1E7A4F7556}") = "CSEData.Worker", "CSEData.Worker\CSEData.Worker.csproj", "{32FD8105-A51A-41C8-8104-9286A37F4B66}"
EndProject
Project("{9A19103F-16F7-4668-BE54-9A1E7A4F7556}") = "CSEData.Domain", "CSEData.Domain\CSEData.Domain.csproj", "{61018A18-8239-4608-82B9-319CCE45FAA4}"
EndProject
Project("{FAE04EC0-301F-11D3-BF4B-00C04F79EFBC}") = "CSEData.Application", "CSEData.Application\CSEData.Application.csproj", "{679AA838-6111-4DFA-9E03-A0113A752874}"
EndProject
Global
	GlobalSection(SolutionConfigurationPlatforms) = preSolution
		Debug|Any CPU = Debug|Any CPU
		Release|Any CPU = Release|Any CPU
	EndGlobalSection
	GlobalSection(ProjectConfigurationPlatforms) = postSolution
		{ADA55267-E775-4969-BACA-8171DBFF4CE6}.Debug|Any CPU.ActiveCfg = Debug|Any CPU
		{ADA55267-E775-4969-BACA-8171DBFF4CE6}.Debug|Any CPU.Build.0 = Debug|Any CPU
		{ADA55267-E775-4969-BACA-8171DBFF4CE6}.Release|Any CPU.ActiveCfg = Release|Any CPU
		{ADA55267-E775-4969-BACA-8171DBFF4CE6}.Release|Any CPU.Build.0 = Release|Any CPU
		{32FD8105-A51A-41C8-8104-9286A37F4B66}.Debug|Any CPU.ActiveCfg = Debug|Any CPU
		{32FD8105-A51A-41C8-8104-9286A37F4B66}.Debug|Any CPU.Build.0 = Debug|Any CPU
		{32FD8105-A51A-41C8-8104-9286A37F4B66}.Release|Any CPU.ActiveCfg = Release|Any CPU
		{32FD8105-A51A-41C8-8104-9286A37F4B66}.Release|Any CPU.Build.0 = Release|Any CPU
		{61018A18-8239-4608-82B9-319CCE45FAA4}.Debug|Any CPU.ActiveCfg = Debug|Any CPU
		{61018A18-8239-4608-82B9-319CCE45FAA4}.Debug|Any CPU.Build.0 = Debug|Any CPU
		{61018A18-8239-4608-82B9-319CCE45FAA4}.Release|Any CPU.ActiveCfg = Release|Any CPU
		{61018A18-8239-4608-82B9-319CCE45FAA4}.Release|Any CPU.Build.0 = Release|Any CPU
		{679AA838-6111-4DFA-9E03-A0113A752874}.Debug|Any CPU.ActiveCfg = Debug|Any CPU
		{679AA838-6111-4DFA-9E03-A0113A752874}.Debug|Any CPU.Build.0 = Debug|Any CPU
		{679AA838-6111-4DFA-9E03-A0113A752874}.Release|Any CPU.ActiveCfg = Release|Any CPU
		{679AA838-6111-4DFA-9E03-A0113A752874}.Release|Any CPU.Build.0 = Release|Any CPU
	EndGlobalSection
	GlobalSection(SolutionProperties) = preSolution
		HideSolutionNode = FALSE
	EndGlobalSection
	GlobalSection(ExtensibilityGlobals) = postSolution
		SolutionGuid = {FD7F4C62-FB9B-4D74-B27E-C31D3AAF5126}
	EndGlobalSection
EndGlobal
